
Microsoft Visual Studio Solution File, Format Version 12.00
# Visual Studio 15
VisualStudioVersion = 15.0.28307.168
MinimumVisualStudioVersion = 10.0.40219.1
Project("{FAE04EC0-301F-11D3-BF4B-00C04F79EFBC}") = "WinformTest", "WinformTest\WinformTest.csproj", "{4C5F6632-167C-448E-8662-431155A607C9}"
EndProject
Global
	GlobalSection(SolutionConfigurationPlatforms) = preSolution
		Debug|Any CPU = Debug|Any CPU
		Release|Any CPU = Release|Any CPU
	EndGlobalSection
	GlobalSection(ProjectConfigurationPlatforms) = postSolution
		{4C5F6632-167C-448E-8662-431155A607C9}.Debug|Any CPU.ActiveCfg = Debug|Any CPU
		{4C5F6632-167C-448E-8662-431155A607C9}.Debug|Any CPU.Build.0 = Debug|Any CPU
		{4C5F6632-167C-448E-8662-431155A607C9}.Release|Any CPU.ActiveCfg = Release|Any CPU
		{4C5F6632-167C-448E-8662-431155A607C9}.Release|Any CPU.Build.0 = Release|Any CPU
	EndGlobalSection
	GlobalSection(SolutionProperties) = preSolution
		HideSolutionNode = FALSE
	EndGlobalSection
	GlobalSection(ExtensibilityGlobals) = postSolution
		SolutionGuid = {604669EC-988E-4E5F-A170-F29E4ECC0FDB}
	EndGlobalSection
EndGlobal
